
Microsoft Visual Studio Solution File, Format Version 12.00
# Visual Studio Version 17
VisualStudioVersion = 17.7.34031.279
MinimumVisualStudioVersion = 10.0.40219.1
Project("{FAE04EC0-301F-11D3-BF4B-00C04F79EFBC}") = "TierApp", "TierApp\TierApp.csproj", "{73A0CC01-69BD-405F-BCA3-F20B0D27DBA5}"
EndProject
Global
	GlobalSection(SolutionConfigurationPlatforms) = preSolution
		Debug|Any CPU = Debug|Any CPU
		Release|Any CPU = Release|Any CPU
	EndGlobalSection
	GlobalSection(ProjectConfigurationPlatforms) = postSolution
		{73A0CC01-69BD-405F-BCA3-F20B0D27DBA5}.Debug|Any CPU.ActiveCfg = Debug|Any CPU
		{73A0CC01-69BD-405F-BCA3-F20B0D27DBA5}.Debug|Any CPU.Build.0 = Debug|Any CPU
		{73A0CC01-69BD-405F-BCA3-F20B0D27DBA5}.Release|Any CPU.ActiveCfg = Release|Any CPU
		{73A0CC01-69BD-405F-BCA3-F20B0D27DBA5}.Release|Any CPU.Build.0 = Release|Any CPU
	EndGlobalSection
	GlobalSection(SolutionProperties) = preSolution
		HideSolutionNode = FALSE
	EndGlobalSection
	GlobalSection(ExtensibilityGlobals) = postSolution
		SolutionGuid = {005854B8-8A75-4E72-9C64-9CC267567ED9}
	EndGlobalSection
EndGlobal
